
Microsoft Visual Studio Solution File, Format Version 12.00
# Visual Studio 15
VisualStudioVersion = 15.0.27428.2002
MinimumVisualStudioVersion = 10.0.40219.1
Project("{FAE04EC0-301F-11D3-BF4B-00C04F79EFBC}") = "PraiseComercial", "PraiseComercial\PraiseComercial.csproj", "{68ADF758-C471-4A7A-894F-D9A5BFB81194}"
EndProject
Global
	GlobalSection(SolutionConfigurationPlatforms) = preSolution
		Debug|Any CPU = Debug|Any CPU
		Release|Any CPU = Release|Any CPU
	EndGlobalSection
	GlobalSection(ProjectConfigurationPlatforms) = postSolution
		{68ADF758-C471-4A7A-894F-D9A5BFB81194}.Debug|Any CPU.ActiveCfg = Debug|Any CPU
		{68ADF758-C471-4A7A-894F-D9A5BFB81194}.Debug|Any CPU.Build.0 = Debug|Any CPU
		{68ADF758-C471-4A7A-894F-D9A5BFB81194}.Release|Any CPU.ActiveCfg = Release|Any CPU
		{68ADF758-C471-4A7A-894F-D9A5BFB81194}.Release|Any CPU.Build.0 = Release|Any CPU
	EndGlobalSection
	GlobalSection(SolutionProperties) = preSolution
		HideSolutionNode = FALSE
	EndGlobalSection
	GlobalSection(ExtensibilityGlobals) = postSolution
		SolutionGuid = {582BB051-2DC4-413E-8E7E-8952FD38D4DC}
	EndGlobalSection
EndGlobal
