
Microsoft Visual Studio Solution File, Format Version 12.00
# Visual Studio 15
VisualStudioVersion = 15.0.27428.2002
MinimumVisualStudioVersion = 10.0.40219.1
Project("{FAE04EC0-301F-11D3-BF4B-00C04F79EFBC}") = "SortNumbersFromList", "SortNumbersFromList\SortNumbersFromList.csproj", "{DFCA66F6-1461-4EF2-9A96-8D275D503D8B}"
EndProject
Global
	GlobalSection(SolutionConfigurationPlatforms) = preSolution
		Debug|Any CPU = Debug|Any CPU
		Release|Any CPU = Release|Any CPU
	EndGlobalSection
	GlobalSection(ProjectConfigurationPlatforms) = postSolution
		{DFCA66F6-1461-4EF2-9A96-8D275D503D8B}.Debug|Any CPU.ActiveCfg = Debug|Any CPU
		{DFCA66F6-1461-4EF2-9A96-8D275D503D8B}.Debug|Any CPU.Build.0 = Debug|Any CPU
		{DFCA66F6-1461-4EF2-9A96-8D275D503D8B}.Release|Any CPU.ActiveCfg = Release|Any CPU
		{DFCA66F6-1461-4EF2-9A96-8D275D503D8B}.Release|Any CPU.Build.0 = Release|Any CPU
	EndGlobalSection
	GlobalSection(SolutionProperties) = preSolution
		HideSolutionNode = FALSE
	EndGlobalSection
	GlobalSection(ExtensibilityGlobals) = postSolution
		SolutionGuid = {ACB0C053-DD74-4F7A-8BD4-1D5EC8064773}
	EndGlobalSection
EndGlobal
